
Microsoft Visual Studio Solution File, Format Version 12.00
# Visual Studio Version 17
VisualStudioVersion = 17.4.33213.308
MinimumVisualStudioVersion = 10.0.40219.1
Project("{FAE04EC0-301F-11D3-BF4B-00C04F79EFBC}") = "Dama", "Dama\Dama.csproj", "{A301BC6F-645F-470D-A1F5-96DEC17D046D}"
EndProject
Global
	GlobalSection(SolutionConfigurationPlatforms) = preSolution
		Debug|Any CPU = Debug|Any CPU
		Release|Any CPU = Release|Any CPU
	EndGlobalSection
	GlobalSection(ProjectConfigurationPlatforms) = postSolution
		{A301BC6F-645F-470D-A1F5-96DEC17D046D}.Debug|Any CPU.ActiveCfg = Debug|Any CPU
		{A301BC6F-645F-470D-A1F5-96DEC17D046D}.Debug|Any CPU.Build.0 = Debug|Any CPU
		{A301BC6F-645F-470D-A1F5-96DEC17D046D}.Release|Any CPU.ActiveCfg = Release|Any CPU
		{A301BC6F-645F-470D-A1F5-96DEC17D046D}.Release|Any CPU.Build.0 = Release|Any CPU
	EndGlobalSection
	GlobalSection(SolutionProperties) = preSolution
		HideSolutionNode = FALSE
	EndGlobalSection
	GlobalSection(ExtensibilityGlobals) = postSolution
		SolutionGuid = {26B287C7-B500-47C9-9F43-5C6EE75A8D88}
	EndGlobalSection
EndGlobal
